
Microsoft Visual Studio Solution File, Format Version 12.00
# Visual Studio Version 17
VisualStudioVersion = 17.14.36705.20 d17.14
MinimumVisualStudioVersion = 10.0.40219.1
Project("{FAE04EC0-301F-11D3-BF4B-00C04F79EFBC}") = "Dinostamp.BlazorWebAssembly", "Dinostamp.BlazorWebAssembly\Dinostamp.BlazorWebAssembly.csproj", "{7A5DE18C-9F52-4785-9D66-083D20B6AB83}"
EndProject
Project("{FAE04EC0-301F-11D3-BF4B-00C04F79EFBC}") = "Dinostamp.Razor", "Dinostamp.Razor\Dinostamp.Razor.csproj", "{449784FF-0A23-41E5-A72B-19B3D80EEC6D}"
EndProject
Global
	GlobalSection(SolutionConfigurationPlatforms) = preSolution
		Debug|Any CPU = Debug|Any CPU
		Release|Any CPU = Release|Any CPU
	EndGlobalSection
	GlobalSection(ProjectConfigurationPlatforms) = postSolution
		{7A5DE18C-9F52-4785-9D66-083D20B6AB83}.Debug|Any CPU.ActiveCfg = Debug|Any CPU
		{7A5DE18C-9F52-4785-9D66-083D20B6AB83}.Debug|Any CPU.Build.0 = Debug|Any CPU
		{7A5DE18C-9F52-4785-9D66-083D20B6AB83}.Release|Any CPU.ActiveCfg = Release|Any CPU
		{7A5DE18C-9F52-4785-9D66-083D20B6AB83}.Release|Any CPU.Build.0 = Release|Any CPU
		{449784FF-0A23-41E5-A72B-19B3D80EEC6D}.Debug|Any CPU.ActiveCfg = Debug|Any CPU
		{449784FF-0A23-41E5-A72B-19B3D80EEC6D}.Debug|Any CPU.Build.0 = Debug|Any CPU
		{449784FF-0A23-41E5-A72B-19B3D80EEC6D}.Release|Any CPU.ActiveCfg = Release|Any CPU
		{449784FF-0A23-41E5-A72B-19B3D80EEC6D}.Release|Any CPU.Build.0 = Release|Any CPU
	EndGlobalSection
	GlobalSection(SolutionProperties) = preSolution
		HideSolutionNode = FALSE
	EndGlobalSection
	GlobalSection(ExtensibilityGlobals) = postSolution
		SolutionGuid = {0486B538-1BF3-42B7-9E3B-C64051358983}
	EndGlobalSection
EndGlobal
